// !$*UTF8*$!
{
	archiveVersion = 1;
	classes = {
	};
	objectVersion = 50;
	objects = {

/* Begin PBXBuildFile section */
		521F234322FDF8D600D2DFAF /* AppDelegate.swift in Sources */ = {isa = PBXBuildFile; fileRef = 521F234222FDF8D600D2DFAF /* AppDelegate.swift */; };
		521F234822FDF8D600D2DFAF /* Main.storyboard in Resources */ = {isa = PBXBuildFile; fileRef = 521F234622FDF8D600D2DFAF /* Main.storyboard */; };
		521F234A22FDF8D800D2DFAF /* Assets.xcassets in Resources */ = {isa = PBXBuildFile; fileRef = 521F234922FDF8D800D2DFAF /* Assets.xcassets */; };
		521F234D22FDF8D800D2DFAF /* LaunchScreen.storyboard in Resources */ = {isa = PBXBuildFile; fileRef = 521F234B22FDF8D800D2DFAF /* LaunchScreen.storyboard */; };
		521F235622FDF97D00D2DFAF /* ToDo.swift in Sources */ = {isa = PBXBuildFile; fileRef = 521F235522FDF97D00D2DFAF /* ToDo.swift */; };
		5241F40922FEED55003F0E0C /* ToDoCell.swift in Sources */ = {isa = PBXBuildFile; fileRef = 5241F40822FEED55003F0E0C /* ToDoCell.swift */; };
		5241F40C22FF516E003F0E0C /* String+Extension.swift in Sources */ = {isa = PBXBuildFile; fileRef = 5241F40B22FF516E003F0E0C /* String+Extension.swift */; };
		5241F40E22FF54E7003F0E0C /* Date+Extension.swift in Sources */ = {isa = PBXBuildFile; fileRef = 5241F40D22FF54E7003F0E0C /* Date+Extension.swift */; };
		52AA593F2303099700A8750C /* TextFieldCell.swift in Sources */ = {isa = PBXBuildFile; fileRef = 52AA593E2303099700A8750C /* TextFieldCell.swift */; };
		52AA594123030C4800A8750C /* SwitchCell.swift in Sources */ = {isa = PBXBuildFile; fileRef = 52AA594023030C4800A8750C /* SwitchCell.swift */; };
		52AA594323030C7F00A8750C /* DateCell.swift in Sources */ = {isa = PBXBuildFile; fileRef = 52AA594223030C7F00A8750C /* DateCell.swift */; };
		52AA594523030CAC00A8750C /* DatePickerCell.swift in Sources */ = {isa = PBXBuildFile; fileRef = 52AA594423030CAC00A8750C /* DatePickerCell.swift */; };
		52AA594723030CDD00A8750C /* ImageCell.swift in Sources */ = {isa = PBXBuildFile; fileRef = 52AA594623030CDD00A8750C /* ImageCell.swift */; };
		52AA594A23031E2400A8750C /* SectionDatePicker.swift in Sources */ = {isa = PBXBuildFile; fileRef = 52AA594923031E2400A8750C /* SectionDatePicker.swift */; };
		52AA594C23031EC300A8750C /* SectionImagePickerControllerViewController.swift in Sources */ = {isa = PBXBuildFile; fileRef = 52AA594B23031EC300A8750C /* SectionImagePickerControllerViewController.swift */; };
		52AA594E23031F0C00A8750C /* SectionSwitch.swift in Sources */ = {isa = PBXBuildFile; fileRef = 52AA594D23031F0C00A8750C /* SectionSwitch.swift */; };
		52AA595023031F5A00A8750C /* SectionTextField.swift in Sources */ = {isa = PBXBuildFile; fileRef = 52AA594F23031F5A00A8750C /* SectionTextField.swift */; };
		52FA3BE222FE297F00E93BB8 /* ToDoTableViewController.swift in Sources */ = {isa = PBXBuildFile; fileRef = 52FA3BE122FE297F00E93BB8 /* ToDoTableViewController.swift */; };
		52FA3BE422FE29A500E93BB8 /* ToDoItemTableViewController.swift in Sources */ = {isa = PBXBuildFile; fileRef = 52FA3BE322FE29A500E93BB8 /* ToDoItemTableViewController.swift */; };
/* End PBXBuildFile section */

/* Begin PBXFileReference section */
		521F233F22FDF8D600D2DFAF /* To Do List.app */ = {isa = PBXFileReference; explicitFileType = wrapper.application; includeInIndex = 0; path = "To Do List.app"; sourceTree = BUILT_PRODUCTS_DIR; };
		521F234222FDF8D600D2DFAF /* AppDelegate.swift */ = {isa = PBXFileReference; lastKnownFileType = sourcecode.swift; path = AppDelegate.swift; sourceTree = "<group>"; };
		521F234722FDF8D600D2DFAF /* Base */ = {isa = PBXFileReference; lastKnownFileType = file.storyboard; name = Base; path = Base.lproj/Main.storyboard; sourceTree = "<group>"; };
		521F234922FDF8D800D2DFAF /* Assets.xcassets */ = {isa = PBXFileReference; lastKnownFileType = folder.assetcatalog; path = Assets.xcassets; sourceTree = "<group>"; };
		521F234C22FDF8D800D2DFAF /* Base */ = {isa = PBXFileReference; lastKnownFileType = file.storyboard; name = Base; path = Base.lproj/LaunchScreen.storyboard; sourceTree = "<group>"; };
		521F234E22FDF8D800D2DFAF /* Info.plist */ = {isa = PBXFileReference; lastKnownFileType = text.plist.xml; path = Info.plist; sourceTree = "<group>"; };
		521F235522FDF97D00D2DFAF /* ToDo.swift */ = {isa = PBXFileReference; lastKnownFileType = sourcecode.swift; path = ToDo.swift; sourceTree = "<group>"; };
		5241F40822FEED55003F0E0C /* ToDoCell.swift */ = {isa = PBXFileReference; lastKnownFileType = sourcecode.swift; path = ToDoCell.swift; sourceTree = "<group>"; };
		5241F40B22FF516E003F0E0C /* String+Extension.swift */ = {isa = PBXFileReference; lastKnownFileType = sourcecode.swift; path = "String+Extension.swift"; sourceTree = "<group>"; };
		5241F40D22FF54E7003F0E0C /* Date+Extension.swift */ = {isa = PBXFileReference; lastKnownFileType = sourcecode.swift; path = "Date+Extension.swift"; sourceTree = "<group>"; };
		52AA593E2303099700A8750C /* TextFieldCell.swift */ = {isa = PBXFileReference; lastKnownFileType = sourcecode.swift; path = TextFieldCell.swift; sourceTree = "<group>"; };
		52AA594023030C4800A8750C /* SwitchCell.swift */ = {isa = PBXFileReference; lastKnownFileType = sourcecode.swift; path = SwitchCell.swift; sourceTree = "<group>"; };
		52AA594223030C7F00A8750C /* DateCell.swift */ = {isa = PBXFileReference; lastKnownFileType = sourcecode.swift; path = DateCell.swift; sourceTree = "<group>"; };
		52AA594423030CAC00A8750C /* DatePickerCell.swift */ = {isa = PBXFileReference; lastKnownFileType = sourcecode.swift; path = DatePickerCell.swift; sourceTree = "<group>"; };
		52AA594623030CDD00A8750C /* ImageCell.swift */ = {isa = PBXFileReference; lastKnownFileType = sourcecode.swift; path = ImageCell.swift; sourceTree = "<group>"; };
		52AA594923031E2400A8750C /* SectionDatePicker.swift */ = {isa = PBXFileReference; lastKnownFileType = sourcecode.swift; path = SectionDatePicker.swift; sourceTree = "<group>"; };
		52AA594B23031EC300A8750C /* SectionImagePickerControllerViewController.swift */ = {isa = PBXFileReference; lastKnownFileType = sourcecode.swift; path = SectionImagePickerControllerViewController.swift; sourceTree = "<group>"; };
		52AA594D23031F0C00A8750C /* SectionSwitch.swift */ = {isa = PBXFileReference; lastKnownFileType = sourcecode.swift; path = SectionSwitch.swift; sourceTree = "<group>"; };
		52AA594F23031F5A00A8750C /* SectionTextField.swift */ = {isa = PBXFileReference; lastKnownFileType = sourcecode.swift; path = SectionTextField.swift; sourceTree = "<group>"; };
		52FA3BE122FE297F00E93BB8 /* ToDoTableViewController.swift */ = {isa = PBXFileReference; lastKnownFileType = sourcecode.swift; path = ToDoTableViewController.swift; sourceTree = "<group>"; };
		52FA3BE322FE29A500E93BB8 /* ToDoItemTableViewController.swift */ = {isa = PBXFileReference; lastKnownFileType = sourcecode.swift; path = ToDoItemTableViewController.swift; sourceTree = "<group>"; };
/* End PBXFileReference section */

/* Begin PBXFrameworksBuildPhase section */
		521F233C22FDF8D600D2DFAF /* Frameworks */ = {
			isa = PBXFrameworksBuildPhase;
			buildActionMask = 2147483647;
			files = (
			);
			runOnlyForDeploymentPostprocessing = 0;
		};
/* End PBXFrameworksBuildPhase section */

/* Begin PBXGroup section */
		521F233622FDF8D600D2DFAF = {
			isa = PBXGroup;
			children = (
				521F234122FDF8D600D2DFAF /* To Do List */,
				521F234022FDF8D600D2DFAF /* Products */,
			);
			sourceTree = "<group>";
		};
		521F234022FDF8D600D2DFAF /* Products */ = {
			isa = PBXGroup;
			children = (
				521F233F22FDF8D600D2DFAF /* To Do List.app */,
			);
			name = Products;
			sourceTree = "<group>";
		};
		521F234122FDF8D600D2DFAF /* To Do List */ = {
			isa = PBXGroup;
			children = (
				521F235722FE26C400D2DFAF /* App */,
				5241F40722FEED19003F0E0C /* Cells */,
				5241F40A22FF50E4003F0E0C /* Extensions */,
				521F235422FDF94D00D2DFAF /* Models */,
				521F235922FE270E00D2DFAF /* Controllers */,
				52AA594823031D8400A8750C /* Views */,
			);
			path = "To Do List";
			sourceTree = "<group>";
		};
		521F235422FDF94D00D2DFAF /* Models */ = {
			isa = PBXGroup;
			children = (
				521F235522FDF97D00D2DFAF /* ToDo.swift */,
			);
			path = Models;
			sourceTree = "<group>";
		};
		521F235722FE26C400D2DFAF /* App */ = {
			isa = PBXGroup;
			children = (
				521F234222FDF8D600D2DFAF /* AppDelegate.swift */,
				521F234922FDF8D800D2DFAF /* Assets.xcassets */,
				521F234E22FDF8D800D2DFAF /* Info.plist */,
			);
			path = App;
			sourceTree = "<group>";
		};
		521F235822FE26F500D2DFAF /* Storyboard */ = {
			isa = PBXGroup;
			children = (
				521F234622FDF8D600D2DFAF /* Main.storyboard */,
				521F234B22FDF8D800D2DFAF /* LaunchScreen.storyboard */,
			);
			path = Storyboard;
			sourceTree = "<group>";
		};
		521F235922FE270E00D2DFAF /* Controllers */ = {
			isa = PBXGroup;
			children = (
				52FA3BE122FE297F00E93BB8 /* ToDoTableViewController.swift */,
				52FA3BE322FE29A500E93BB8 /* ToDoItemTableViewController.swift */,
			);
			path = Controllers;
			sourceTree = "<group>";
		};
		5241F40722FEED19003F0E0C /* Cells */ = {
			isa = PBXGroup;
			children = (
				5241F40822FEED55003F0E0C /* ToDoCell.swift */,
				52AA593E2303099700A8750C /* TextFieldCell.swift */,
				52AA594023030C4800A8750C /* SwitchCell.swift */,
				52AA594223030C7F00A8750C /* DateCell.swift */,
				52AA594423030CAC00A8750C /* DatePickerCell.swift */,
				52AA594623030CDD00A8750C /* ImageCell.swift */,
			);
			path = Cells;
			sourceTree = "<group>";
		};
		5241F40A22FF50E4003F0E0C /* Extensions */ = {
			isa = PBXGroup;
			children = (
				5241F40B22FF516E003F0E0C /* String+Extension.swift */,
				5241F40D22FF54E7003F0E0C /* Date+Extension.swift */,
			);
			path = Extensions;
			sourceTree = "<group>";
		};
		52AA594823031D8400A8750C /* Views */ = {
			isa = PBXGroup;
			children = (
				521F235822FE26F500D2DFAF /* Storyboard */,
				52AA594923031E2400A8750C /* SectionDatePicker.swift */,
				52AA594B23031EC300A8750C /* SectionImagePickerControllerViewController.swift */,
				52AA594D23031F0C00A8750C /* SectionSwitch.swift */,
				52AA594F23031F5A00A8750C /* SectionTextField.swift */,
			);
			path = Views;
			sourceTree = "<group>";
		};
/* End PBXGroup section */

/* Begin PBXNativeTarget section */
		521F233E22FDF8D600D2DFAF /* To Do List */ = {
			isa = PBXNativeTarget;
			buildConfigurationList = 521F235122FDF8D800D2DFAF /* Build configuration list for PBXNativeTarget "To Do List" */;
			buildPhases = (
				521F233B22FDF8D600D2DFAF /* Sources */,
				521F233C22FDF8D600D2DFAF /* Frameworks */,
				521F233D22FDF8D600D2DFAF /* Resources */,
			);
			buildRules = (
			);
			dependencies = (
			);
			name = "To Do List";
			productName = "To Do List";
			productReference = 521F233F22FDF8D600D2DFAF /* To Do List.app */;
			productType = "com.apple.product-type.application";
		};
/* End PBXNativeTarget section */

/* Begin PBXProject section */
		521F233722FDF8D600D2DFAF /* Project object */ = {
			isa = PBXProject;
			attributes = {
				LastSwiftUpdateCheck = 1030;
				LastUpgradeCheck = 1030;
				ORGANIZATIONNAME = "John Kostanov";
				TargetAttributes = {
					521F233E22FDF8D600D2DFAF = {
						CreatedOnToolsVersion = 10.3;
					};
				};
			};
			buildConfigurationList = 521F233A22FDF8D600D2DFAF /* Build configuration list for PBXProject "To Do List" */;
			compatibilityVersion = "Xcode 9.3";
			developmentRegion = en;
			hasScannedForEncodings = 0;
			knownRegions = (
				en,
				Base,
			);
			mainGroup = 521F233622FDF8D600D2DFAF;
			productRefGroup = 521F234022FDF8D600D2DFAF /* Products */;
			projectDirPath = "";
			projectRoot = "";
			targets = (
				521F233E22FDF8D600D2DFAF /* To Do List */,
			);
		};
/* End PBXProject section */

/* Begin PBXResourcesBuildPhase section */
		521F233D22FDF8D600D2DFAF /* Resources */ = {
			isa = PBXResourcesBuildPhase;
			buildActionMask = 2147483647;
			files = (
				521F234D22FDF8D800D2DFAF /* LaunchScreen.storyboard in Resources */,
				521F234A22FDF8D800D2DFAF /* Assets.xcassets in Resources */,
				521F234822FDF8D600D2DFAF /* Main.storyboard in Resources */,
			);
			runOnlyForDeploymentPostprocessing = 0;
		};
/* End PBXResourcesBuildPhase section */

/* Begin PBXSourcesBuildPhase section */
		521F233B22FDF8D600D2DFAF /* Sources */ = {
			isa = PBXSourcesBuildPhase;
			buildActionMask = 2147483647;
			files = (
				52FA3BE422FE29A500E93BB8 /* ToDoItemTableViewController.swift in Sources */,
				52AA594323030C7F00A8750C /* DateCell.swift in Sources */,
				521F235622FDF97D00D2DFAF /* ToDo.swift in Sources */,
				52AA594523030CAC00A8750C /* DatePickerCell.swift in Sources */,
				52AA594123030C4800A8750C /* SwitchCell.swift in Sources */,
				52AA594723030CDD00A8750C /* ImageCell.swift in Sources */,
				52AA594C23031EC300A8750C /* SectionImagePickerControllerViewController.swift in Sources */,
				52FA3BE222FE297F00E93BB8 /* ToDoTableViewController.swift in Sources */,
				521F234322FDF8D600D2DFAF /* AppDelegate.swift in Sources */,
				5241F40E22FF54E7003F0E0C /* Date+Extension.swift in Sources */,
				52AA594A23031E2400A8750C /* SectionDatePicker.swift in Sources */,
				5241F40C22FF516E003F0E0C /* String+Extension.swift in Sources */,
				5241F40922FEED55003F0E0C /* ToDoCell.swift in Sources */,
				52AA594E23031F0C00A8750C /* SectionSwitch.swift in Sources */,
				52AA593F2303099700A8750C /* TextFieldCell.swift in Sources */,
				52AA595023031F5A00A8750C /* SectionTextField.swift in Sources */,
			);
			runOnlyForDeploymentPostprocessing = 0;
		};
/* End PBXSourcesBuildPhase section */

/* Begin PBXVariantGroup section */
		521F234622FDF8D600D2DFAF /* Main.storyboard */ = {
			isa = PBXVariantGroup;
			children = (
				521F234722FDF8D600D2DFAF /* Base */,
			);
			name = Main.storyboard;
			sourceTree = "<group>";
		};
		521F234B22FDF8D800D2DFAF /* LaunchScreen.storyboard */ = {
			isa = PBXVariantGroup;
			children = (
				521F234C22FDF8D800D2DFAF /* Base */,
			);
			name = LaunchScreen.storyboard;
			sourceTree = "<group>";
		};
/* End PBXVariantGroup section */

/* Begin XCBuildConfiguration section */
		521F234F22FDF8D800D2DFAF /* Debug */ = {
			isa = XCBuildConfiguration;
			buildSettings = {
				ALWAYS_SEARCH_USER_PATHS = NO;
				CLANG_ANALYZER_NONNULL = YES;
				CLANG_ANALYZER_NUMBER_OBJECT_CONVERSION = YES_AGGRESSIVE;
				CLANG_CXX_LANGUAGE_STANDARD = "gnu++14";
				CLANG_CXX_LIBRARY = "libc++";
				CLANG_ENABLE_MODULES = YES;
				CLANG_ENABLE_OBJC_ARC = YES;
				CLANG_ENABLE_OBJC_WEAK = YES;
				CLANG_WARN_BLOCK_CAPTURE_AUTORELEASING = YES;
				CLANG_WARN_BOOL_CONVERSION = YES;
				CLANG_WARN_COMMA = YES;
				CLANG_WARN_CONSTANT_CONVERSION = YES;
				CLANG_WARN_DEPRECATED_OBJC_IMPLEMENTATIONS = YES;
				CLANG_WARN_DIRECT_OBJC_ISA_USAGE = YES_ERROR;
				CLANG_WARN_DOCUMENTATION_COMMENTS = YES;
				CLANG_WARN_EMPTY_BODY = YES;
				CLANG_WARN_ENUM_CONVERSION = YES;
				CLANG_WARN_INFINITE_RECURSION = YES;
				CLANG_WARN_INT_CONVERSION = YES;
				CLANG_WARN_NON_LITERAL_NULL_CONVERSION = YES;
				CLANG_WARN_OBJC_IMPLICIT_RETAIN_SELF = YES;
				CLANG_WARN_OBJC_LITERAL_CONVERSION = YES;
				CLANG_WARN_OBJC_ROOT_CLASS = YES_ERROR;
				CLANG_WARN_RANGE_LOOP_ANALYSIS = YES;
				CLANG_WARN_STRICT_PROTOTYPES = YES;
				CLANG_WARN_SUSPICIOUS_MOVE = YES;
				CLANG_WARN_UNGUARDED_AVAILABILITY = YES_AGGRESSIVE;
				CLANG_WARN_UNREACHABLE_CODE = YES;
				CLANG_WARN__DUPLICATE_METHOD_MATCH = YES;
				CODE_SIGN_IDENTITY = "iPhone Developer";
				COPY_PHASE_STRIP = NO;
				DEBUG_INFORMATION_FORMAT = dwarf;
				ENABLE_STRICT_OBJC_MSGSEND = YES;
				ENABLE_TESTABILITY = YES;
				GCC_C_LANGUAGE_STANDARD = gnu11;
				GCC_DYNAMIC_NO_PIC = NO;
				GCC_NO_COMMON_BLOCKS = YES;
				GCC_OPTIMIZATION_LEVEL = 0;
				GCC_PREPROCESSOR_DEFINITIONS = (
					"DEBUG=1",
					"$(inherited)",
				);
				GCC_WARN_64_TO_32_BIT_CONVERSION = YES;
				GCC_WARN_ABOUT_RETURN_TYPE = YES_ERROR;
				GCC_WARN_UNDECLARED_SELECTOR = YES;
				GCC_WARN_UNINITIALIZED_AUTOS = YES_AGGRESSIVE;
				GCC_WARN_UNUSED_FUNCTION = YES;
				GCC_WARN_UNUSED_VARIABLE = YES;
				IPHONEOS_DEPLOYMENT_TARGET = 12.4;
				MTL_ENABLE_DEBUG_INFO = INCLUDE_SOURCE;
				MTL_FAST_MATH = YES;
				ONLY_ACTIVE_ARCH = YES;
				SDKROOT = iphoneos;
				SWIFT_ACTIVE_COMPILATION_CONDITIONS = DEBUG;
				SWIFT_OPTIMIZATION_LEVEL = "-Onone";
			};
			name = Debug;
		};
		521F235022FDF8D800D2DFAF /* Release */ = {
			isa = XCBuildConfiguration;
			buildSettings = {
				ALWAYS_SEARCH_USER_PATHS = NO;
				CLANG_ANALYZER_NONNULL = YES;
				CLANG_ANALYZER_NUMBER_OBJECT_CONVERSION = YES_AGGRESSIVE;
				CLANG_CXX_LANGUAGE_STANDARD = "gnu++14";
				CLANG_CXX_LIBRARY = "libc++";
				CLANG_ENABLE_MODULES = YES;
				CLANG_ENABLE_OBJC_ARC = YES;
				CLANG_ENABLE_OBJC_WEAK = YES;
				CLANG_WARN_BLOCK_CAPTURE_AUTORELEASING = YES;
				CLANG_WARN_BOOL_CONVERSION = YES;
				CLANG_WARN_COMMA = YES;
				CLANG_WARN_CONSTANT_CONVERSION = YES;
				CLANG_WARN_DEPRECATED_OBJC_IMPLEMENTATIONS = YES;
				CLANG_WARN_DIRECT_OBJC_ISA_USAGE = YES_ERROR;
				CLANG_WARN_DOCUMENTATION_COMMENTS = YES;
				CLANG_WARN_EMPTY_BODY = YES;
				CLANG_WARN_ENUM_CONVERSION = YES;
				CLANG_WARN_INFINITE_RECURSION = YES;
				CLANG_WARN_INT_CONVERSION = YES;
				CLANG_WARN_NON_LITERAL_NULL_CONVERSION = YES;
				CLANG_WARN_OBJC_IMPLICIT_RETAIN_SELF = YES;
				CLANG_WARN_OBJC_LITERAL_CONVERSION = YES;
				CLANG_WARN_OBJC_ROOT_CLASS = YES_ERROR;
				CLANG_WARN_RANGE_LOOP_ANALYSIS = YES;
				CLANG_WARN_STRICT_PROTOTYPES = YES;
				CLANG_WARN_SUSPICIOUS_MOVE = YES;
				CLANG_WARN_UNGUARDED_AVAILABILITY = YES_AGGRESSIVE;
				CLANG_WARN_UNREACHABLE_CODE = YES;
				CLANG_WARN__DUPLICATE_METHOD_MATCH = YES;
				CODE_SIGN_IDENTITY = "iPhone Developer";
				COPY_PHASE_STRIP = NO;
				DEBUG_INFORMATION_FORMAT = "dwarf-with-dsym";
				ENABLE_NS_ASSERTIONS = NO;
				ENABLE_STRICT_OBJC_MSGSEND = YES;
				GCC_C_LANGUAGE_STANDARD = gnu11;
				GCC_NO_COMMON_BLOCKS = YES;
				GCC_WARN_64_TO_32_BIT_CONVERSION = YES;
				GCC_WARN_ABOUT_RETURN_TYPE = YES_ERROR;
				GCC_WARN_UNDECLARED_SELECTOR = YES;
				GCC_WARN_UNINITIALIZED_AUTOS = YES_AGGRESSIVE;
				GCC_WARN_UNUSED_FUNCTION = YES;
				GCC_WARN_UNUSED_VARIABLE = YES;
				IPHONEOS_DEPLOYMENT_TARGET = 12.4;
				MTL_ENABLE_DEBUG_INFO = NO;
				MTL_FAST_MATH = YES;
				SDKROOT = iphoneos;
				SWIFT_COMPILATION_MODE = wholemodule;
				SWIFT_OPTIMIZATION_LEVEL = "-O";
				VALIDATE_PRODUCT = YES;
			};
			name = Release;
		};
		521F235222FDF8D800D2DFAF /* Debug */ = {
			isa = XCBuildConfiguration;
			buildSettings = {
				ASSETCATALOG_COMPILER_APPICON_NAME = AppIcon;
				CODE_SIGN_STYLE = Automatic;
				DEVELOPMENT_TEAM = 5K285D3RL3;
				INFOPLIST_FILE = "$(SRCROOT)/To Do List/App/Info.plist";
				LD_RUNPATH_SEARCH_PATHS = (
					"$(inherited)",
					"@executable_path/Frameworks",
				);
				PRODUCT_BUNDLE_IDENTIFIER = "John-Kostanov.To-Do-List";
				PRODUCT_NAME = "$(TARGET_NAME)";
				SWIFT_VERSION = 5.0;
				TARGETED_DEVICE_FAMILY = "1,2";
			};
			name = Debug;
		};
		521F235322FDF8D800D2DFAF /* Release */ = {
			isa = XCBuildConfiguration;
			buildSettings = {
				ASSETCATALOG_COMPILER_APPICON_NAME = AppIcon;
				CODE_SIGN_STYLE = Automatic;
				DEVELOPMENT_TEAM = 5K285D3RL3;
				INFOPLIST_FILE = "$(SRCROOT)/To Do List/App/Info.plist";
				LD_RUNPATH_SEARCH_PATHS = (
					"$(inherited)",
					"@executable_path/Frameworks",
				);
				PRODUCT_BUNDLE_IDENTIFIER = "John-Kostanov.To-Do-List";
				PRODUCT_NAME = "$(TARGET_NAME)";
				SWIFT_VERSION = 5.0;
				TARGETED_DEVICE_FAMILY = "1,2";
			};
			name = Release;
		};
/* End XCBuildConfiguration section */

/* Begin XCConfigurationList section */
		521F233A22FDF8D600D2DFAF /* Build configuration list for PBXProject "To Do List" */ = {
			isa = XCConfigurationList;
			buildConfigurations = (
				521F234F22FDF8D800D2DFAF /* Debug */,
				521F235022FDF8D800D2DFAF /* Release */,
			);
			defaultConfigurationIsVisible = 0;
			defaultConfigurationName = Release;
		};
		521F235122FDF8D800D2DFAF /* Build configuration list for PBXNativeTarget "To Do List" */ = {
			isa = XCConfigurationList;
			buildConfigurations = (
				521F235222FDF8D800D2DFAF /* Debug */,
				521F235322FDF8D800D2DFAF /* Release */,
			);
			defaultConfigurationIsVisible = 0;
			defaultConfigurationName = Release;
		};
/* End XCConfigurationList section */
	};
	rootObject = 521F233722FDF8D600D2DFAF /* Project object */;
}
